
Microsoft Visual Studio Solution File, Format Version 12.00
# Visual Studio 15
VisualStudioVersion = 15.0.28307.489
MinimumVisualStudioVersion = 10.0.40219.1
Project("{FAE04EC0-301F-11D3-BF4B-00C04F79EFBC}") = "Organica.Common.Logger", "Organica.Common.Logger.csproj", "{D5A07762-2421-4A94-B480-C3AA0FA51A03}"
EndProject
Global
	GlobalSection(SolutionConfigurationPlatforms) = preSolution
		Debug_Gyula|Any CPU = Debug_Gyula|Any CPU
		Debug|Any CPU = Debug|Any CPU
		Development|Any CPU = Development|Any CPU
		Production|Any CPU = Production|Any CPU
		Release|Any CPU = Release|Any CPU
		Staging|Any CPU = Staging|Any CPU
	EndGlobalSection
	GlobalSection(ProjectConfigurationPlatforms) = postSolution
		{D5A07762-2421-4A94-B480-C3AA0FA51A03}.Debug_Gyula|Any CPU.ActiveCfg = Debug_Gyula|Any CPU
		{D5A07762-2421-4A94-B480-C3AA0FA51A03}.Debug_Gyula|Any CPU.Build.0 = Debug_Gyula|Any CPU
		{D5A07762-2421-4A94-B480-C3AA0FA51A03}.Debug|Any CPU.ActiveCfg = Debug|Any CPU
		{D5A07762-2421-4A94-B480-C3AA0FA51A03}.Debug|Any CPU.Build.0 = Debug|Any CPU
		{D5A07762-2421-4A94-B480-C3AA0FA51A03}.Development|Any CPU.ActiveCfg = Development|Any CPU
		{D5A07762-2421-4A94-B480-C3AA0FA51A03}.Development|Any CPU.Build.0 = Development|Any CPU
		{D5A07762-2421-4A94-B480-C3AA0FA51A03}.Production|Any CPU.ActiveCfg = Production|Any CPU
		{D5A07762-2421-4A94-B480-C3AA0FA51A03}.Production|Any CPU.Build.0 = Production|Any CPU
		{D5A07762-2421-4A94-B480-C3AA0FA51A03}.Release|Any CPU.ActiveCfg = Release|Any CPU
		{D5A07762-2421-4A94-B480-C3AA0FA51A03}.Release|Any CPU.Build.0 = Release|Any CPU
		{D5A07762-2421-4A94-B480-C3AA0FA51A03}.Staging|Any CPU.ActiveCfg = Staging|Any CPU
		{D5A07762-2421-4A94-B480-C3AA0FA51A03}.Staging|Any CPU.Build.0 = Staging|Any CPU
	EndGlobalSection
	GlobalSection(SolutionProperties) = preSolution
		HideSolutionNode = FALSE
	EndGlobalSection
	GlobalSection(ExtensibilityGlobals) = postSolution
		SolutionGuid = {206A3EFC-87CF-45A1-87FF-153075513595}
	EndGlobalSection
EndGlobal
